
Microsoft Visual Studio Solution File, Format Version 12.00
# Visual Studio Version 16
VisualStudioVersion = 16.0.30804.86
MinimumVisualStudioVersion = 10.0.40219.1
Project("{FAE04EC0-301F-11D3-BF4B-00C04F79EFBC}") = "2208InterviewQuestion2", "2208InterviewQuestion2\2208InterviewQuestion2.csproj", "{F132E0CE-87C0-480F-B229-4642C41ABDA5}"
EndProject
Global
	GlobalSection(SolutionConfigurationPlatforms) = preSolution
		Debug|Any CPU = Debug|Any CPU
		Release|Any CPU = Release|Any CPU
	EndGlobalSection
	GlobalSection(ProjectConfigurationPlatforms) = postSolution
		{F132E0CE-87C0-480F-B229-4642C41ABDA5}.Debug|Any CPU.ActiveCfg = Debug|Any CPU
		{F132E0CE-87C0-480F-B229-4642C41ABDA5}.Debug|Any CPU.Build.0 = Debug|Any CPU
		{F132E0CE-87C0-480F-B229-4642C41ABDA5}.Release|Any CPU.ActiveCfg = Release|Any CPU
		{F132E0CE-87C0-480F-B229-4642C41ABDA5}.Release|Any CPU.Build.0 = Release|Any CPU
	EndGlobalSection
	GlobalSection(SolutionProperties) = preSolution
		HideSolutionNode = FALSE
	EndGlobalSection
	GlobalSection(ExtensibilityGlobals) = postSolution
		SolutionGuid = {7748AFEA-E4F4-4B0D-8754-2471A9759DB7}
	EndGlobalSection
EndGlobal
